
Microsoft Visual Studio Solution File, Format Version 12.00
# Visual Studio 2013
VisualStudioVersion = 12.0.21005.1
MinimumVisualStudioVersion = 10.0.40219.1
Project("{FAE04EC0-301F-11D3-BF4B-00C04F79EFBC}") = "ConsoleApplicationTest", "ConsoleApplicationTest\ConsoleApplicationTest.csproj", "{8E221FB0-000A-4D7C-8975-3F7E3141E6E2}"
EndProject
Global
	GlobalSection(SolutionConfigurationPlatforms) = preSolution
		Debug|Any CPU = Debug|Any CPU
		Release|Any CPU = Release|Any CPU
	EndGlobalSection
	GlobalSection(ProjectConfigurationPlatforms) = postSolution
		{8E221FB0-000A-4D7C-8975-3F7E3141E6E2}.Debug|Any CPU.ActiveCfg = Debug|Any CPU
		{8E221FB0-000A-4D7C-8975-3F7E3141E6E2}.Debug|Any CPU.Build.0 = Debug|Any CPU
		{8E221FB0-000A-4D7C-8975-3F7E3141E6E2}.Release|Any CPU.ActiveCfg = Release|Any CPU
		{8E221FB0-000A-4D7C-8975-3F7E3141E6E2}.Release|Any CPU.Build.0 = Release|Any CPU
	EndGlobalSection
	GlobalSection(SolutionProperties) = preSolution
		HideSolutionNode = FALSE
	EndGlobalSection
EndGlobal
